
Microsoft Visual Studio Solution File, Format Version 12.00
# Visual Studio Version 17
VisualStudioVersion = 17.0.31919.166
MinimumVisualStudioVersion = 10.0.40219.1
Project("{FAE04EC0-301F-11D3-BF4B-00C04F79EFBC}") = "T9AutoCompletedWithTPL", "T9AutoCompletedWithTPL\T9AutoCompletedWithTPL.csproj", "{D5E6F003-2332-4987-A8EA-353409E1D1B6}"
EndProject
Global
	GlobalSection(SolutionConfigurationPlatforms) = preSolution
		Debug|Any CPU = Debug|Any CPU
		Release|Any CPU = Release|Any CPU
	EndGlobalSection
	GlobalSection(ProjectConfigurationPlatforms) = postSolution
		{D5E6F003-2332-4987-A8EA-353409E1D1B6}.Debug|Any CPU.ActiveCfg = Debug|Any CPU
		{D5E6F003-2332-4987-A8EA-353409E1D1B6}.Debug|Any CPU.Build.0 = Debug|Any CPU
		{D5E6F003-2332-4987-A8EA-353409E1D1B6}.Release|Any CPU.ActiveCfg = Release|Any CPU
		{D5E6F003-2332-4987-A8EA-353409E1D1B6}.Release|Any CPU.Build.0 = Release|Any CPU
	EndGlobalSection
	GlobalSection(SolutionProperties) = preSolution
		HideSolutionNode = FALSE
	EndGlobalSection
	GlobalSection(ExtensibilityGlobals) = postSolution
		SolutionGuid = {E001771A-DC96-43D5-9366-5B43B54CF0AC}
	EndGlobalSection
EndGlobal
